
Microsoft Visual Studio Solution File, Format Version 12.00
# Visual Studio Version 16
VisualStudioVersion = 16.0.29020.237
MinimumVisualStudioVersion = 10.0.40219.1
Project("{FAE04EC0-301F-11D3-BF4B-00C04F79EFBC}") = "EmployeeDashboard", "EmployeeDashboard.csproj", "{D60C90EF-4179-4406-A85C-0C10DC8CDBBB}"
EndProject
Global
	GlobalSection(SolutionConfigurationPlatforms) = preSolution
		Debug|Any CPU = Debug|Any CPU
		Release|Any CPU = Release|Any CPU
	EndGlobalSection
	GlobalSection(ProjectConfigurationPlatforms) = postSolution
		{D60C90EF-4179-4406-A85C-0C10DC8CDBBB}.Debug|Any CPU.ActiveCfg = Debug|Any CPU
		{D60C90EF-4179-4406-A85C-0C10DC8CDBBB}.Debug|Any CPU.Build.0 = Debug|Any CPU
		{D60C90EF-4179-4406-A85C-0C10DC8CDBBB}.Release|Any CPU.ActiveCfg = Release|Any CPU
		{D60C90EF-4179-4406-A85C-0C10DC8CDBBB}.Release|Any CPU.Build.0 = Release|Any CPU
	EndGlobalSection
	GlobalSection(SolutionProperties) = preSolution
		HideSolutionNode = FALSE
	EndGlobalSection
	GlobalSection(ExtensibilityGlobals) = postSolution
		SolutionGuid = {EC8B57B8-89CB-48A6-95D2-A587C3B6858F}
	EndGlobalSection
EndGlobal
